{
  "lockfileVersion": 1,
  "workspaces": {
    "": {
      "name": "runners",
      "dependencies": {
        "@biomejs/biome": "2.0.1",
      },
      "devDependencies": {
        "@types/bun": "1.2.16",
      },
      "peerDependencies": {
        "typescript": "5.8.3",
      },
    },
  },
  "trustedDependencies": [
    "@biomejs/biome",
  ],
  "packages": {
    "@biomejs/biome": ["@biomejs/biome@2.0.1", "", { "optionalDependencies": { "@biomejs/cli-darwin-arm64": "2.0.1", "@biomejs/cli-darwin-x64": "2.0.1", "@biomejs/cli-linux-arm64": "2.0.1", "@biomejs/cli-linux-arm64-musl": "2.0.1", "@biomejs/cli-linux-x64": "2.0.1", "@biomejs/cli-linux-x64-musl": "2.0.1", "@biomejs/cli-win32-arm64": "2.0.1", "@biomejs/cli-win32-x64": "2.0.1" }, "bin": { "biome": "bin/biome" } }, "sha512-x8z4AkHU5sEBJCu8MJF1A/SlNuLc+XvFKrx5huVZ2M4i6ABrgCU4CPB8ft3IIKqWrgGx/0fElOgFAbpYx3YYdQ=="],

    "@biomejs/cli-darwin-arm64": ["@biomejs/cli-darwin-arm64@2.0.1", "", { "os": "darwin", "cpu": "arm64" }, "sha512-n4EKhYSGkGStIa3NnRfd4lMqpyH3zNrIMQMFRtkIxzBKE/gIGyh1WGh04SlE88TQW/w/dJ0PfngxKybWcSnZ0g=="],

    "@biomejs/cli-darwin-x64": ["@biomejs/cli-darwin-x64@2.0.1", "", { "os": "darwin", "cpu": "x64" }, "sha512-ZJqCAoXd0/FH8GiGGWYj7z0iZ2UeG/SKTBbNitrXbFtUlhMiVcbTpLmU2Id3d1+GI4DspZTIsdn1wvJgh7GITw=="],

    "@biomejs/cli-linux-arm64": ["@biomejs/cli-linux-arm64@2.0.1", "", { "os": "linux", "cpu": "arm64" }, "sha512-UhPGF07fM0tjM9rWNTu/3YDTVuXEjdgkPz6EM0Txl0Urh+7xVmXI6vSju3Iuy0huz4BDQFF842uWJZE/aQx29g=="],

    "@biomejs/cli-linux-arm64-musl": ["@biomejs/cli-linux-arm64-musl@2.0.1", "", { "os": "linux", "cpu": "arm64" }, "sha512-6Hp9XGEc7h8VnoCxGyOFpo8JTZ3bTLmtTWcAbpcxGafqEnLn4VLtc9jqGvifB8JGvua1coM/68JD1WgemIkblA=="],

    "@biomejs/cli-linux-x64": ["@biomejs/cli-linux-x64@2.0.1", "", { "os": "linux", "cpu": "x64" }, "sha512-d8B1hWBm9Eu0xMgcovlahTnFUJJK5SkskrgubhtbswbS9HsZPp8QUxfIMA75Kzgb/6so0bP60UPTclhCRzEg6Q=="],

    "@biomejs/cli-linux-x64-musl": ["@biomejs/cli-linux-x64-musl@2.0.1", "", { "os": "linux", "cpu": "x64" }, "sha512-avMAe7WJLfGkzcoanYBZIyhQ3Vq29Km2RJejIitsEewXqdO39KL3HLJQs6ZNAcIeAo3n31Auuna22WIxlIdZUw=="],

    "@biomejs/cli-win32-arm64": ["@biomejs/cli-win32-arm64@2.0.1", "", { "os": "win32", "cpu": "arm64" }, "sha512-KgFdVITwFZ7R9H5viW5dFW+dQbqDzB9NqqZ0u8zKQ/Gh815zEqQF23Cvd9JKGafiIPjGKQ2CFQIyJaMbLGIrqw=="],

    "@biomejs/cli-win32-x64": ["@biomejs/cli-win32-x64@2.0.1", "", { "os": "win32", "cpu": "x64" }, "sha512-psas4NrCIlLIUb+KgJ47vT5OJM77StOeoGZMD36vJvtDBlmAy4bxQwz0448gC28H77aASXxj+7eKd4nyrLsvWg=="],

    "@types/bun": ["@types/bun@1.2.16", "", { "dependencies": { "bun-types": "1.2.16" } }, "sha512-1aCZJ/6nSiViw339RsaNhkNoEloLaPzZhxMOYEa7OzRzO41IGg5n/7I43/ZIAW/c+Q6cT12Vf7fOZOoVIzb5BQ=="],

    "@types/node": ["@types/node@22.14.1", "", { "dependencies": { "undici-types": "~6.21.0" } }, "sha512-u0HuPQwe/dHrItgHHpmw3N2fYCR6x4ivMNbPHRkBVP4CvN+kiRrKHWk3i8tXiO/joPwXLMYvF9TTF0eqgHIuOw=="],

    "bun-types": ["bun-types@1.2.16", "", { "dependencies": { "@types/node": "*" } }, "sha512-ciXLrHV4PXax9vHvUrkvun9VPVGOVwbbbBF/Ev1cXz12lyEZMoJpIJABOfPcN9gDJRaiKF9MVbSygLg4NXu3/A=="],

    "typescript": ["typescript@5.8.3", "", { "bin": { "tsc": "bin/tsc", "tsserver": "bin/tsserver" } }, "sha512-p1diW6TqL9L07nNxvRMM7hMMw4c5XOo/1ibL4aAIGmSAt9slTE1Xgw5KWuof2uTOvCg9BY7ZRi+GaF+7sfgPeQ=="],

    "undici-types": ["undici-types@6.21.0", "", {}, "sha512-iwDZqg0QAGrg9Rav5H4n0M64c3mkR59cJ6wQp+7C4nI0gsmExaedaYLNO44eT4AtBBwjbTiGPMlt2Md0T9H9JQ=="],
  }
}
